
Microsoft Visual Studio Solution File, Format Version 12.00
# Visual Studio Version 16
VisualStudioVersion = 16.0.30011.22
MinimumVisualStudioVersion = 10.0.40219.1
Project("{FAE04EC0-301F-11D3-BF4B-00C04F79EFBC}") = "FancyWsdl", "FancyWsdl\FancyWsdl.csproj", "{61C1DFAB-4E7A-4E60-8659-B22B20917450}"
EndProject
Global
	GlobalSection(SolutionConfigurationPlatforms) = preSolution
		Debug|Any CPU = Debug|Any CPU
		Release|Any CPU = Release|Any CPU
	EndGlobalSection
	GlobalSection(ProjectConfigurationPlatforms) = postSolution
		{61C1DFAB-4E7A-4E60-8659-B22B20917450}.Debug|Any CPU.ActiveCfg = Debug|Any CPU
		{61C1DFAB-4E7A-4E60-8659-B22B20917450}.Debug|Any CPU.Build.0 = Debug|Any CPU
		{61C1DFAB-4E7A-4E60-8659-B22B20917450}.Release|Any CPU.ActiveCfg = Release|Any CPU
		{61C1DFAB-4E7A-4E60-8659-B22B20917450}.Release|Any CPU.Build.0 = Release|Any CPU
	EndGlobalSection
	GlobalSection(SolutionProperties) = preSolution
		HideSolutionNode = FALSE
	EndGlobalSection
	GlobalSection(ExtensibilityGlobals) = postSolution
		SolutionGuid = {A98B3F33-2CB8-4836-BF9B-79FA3779A1D1}
	EndGlobalSection
EndGlobal
